
Microsoft Visual Studio Solution File, Format Version 12.00
# Visual Studio Version 17
VisualStudioVersion = 17.11.35222.181
MinimumVisualStudioVersion = 10.0.40219.1
Project("{FAE04EC0-301F-11D3-BF4B-00C04F79EFBC}") = "POC-Teijin", "POC-Teijin\POC-Teijin.csproj", "{FCC75F9A-3F6A-4BEA-91B6-8DD251BACA88}"
EndProject
Global
	GlobalSection(SolutionConfigurationPlatforms) = preSolution
		Debug|Any CPU = Debug|Any CPU
		Release|Any CPU = Release|Any CPU
	EndGlobalSection
	GlobalSection(ProjectConfigurationPlatforms) = postSolution
		{FCC75F9A-3F6A-4BEA-91B6-8DD251BACA88}.Debug|Any CPU.ActiveCfg = Debug|Any CPU
		{FCC75F9A-3F6A-4BEA-91B6-8DD251BACA88}.Debug|Any CPU.Build.0 = Debug|Any CPU
		{FCC75F9A-3F6A-4BEA-91B6-8DD251BACA88}.Release|Any CPU.ActiveCfg = Release|Any CPU
		{FCC75F9A-3F6A-4BEA-91B6-8DD251BACA88}.Release|Any CPU.Build.0 = Release|Any CPU
	EndGlobalSection
	GlobalSection(SolutionProperties) = preSolution
		HideSolutionNode = FALSE
	EndGlobalSection
	GlobalSection(ExtensibilityGlobals) = postSolution
		SolutionGuid = {A33E9046-7F7A-4348-AD29-F4E08D8508FE}
	EndGlobalSection
EndGlobal
